# This file is automatically @generated by Cargo.
# It is not intended for manual editing.
version = 4

[[package]]
name = "bitflags"
version = "2.9.0"
source = "registry+https://github.com/rust-lang/crates.io-index"
checksum = "5c8214115b7bf84099f1309324e63141d4c5d7cc26862f97a0a857dbefe165bd"

[[package]]
name = "lazy_static"
version = "1.5.0"
source = "registry+https://github.com/rust-lang/crates.io-index"
checksum = "bbd2bcb4c963f2ddae06a2efc7e9f3591312473c50c6685e1f298068316e66fe"

[[package]]
name = "libc"
version = "0.2.172"
source = "registry+https://github.com/rust-lang/crates.io-index"
checksum = "d750af042f7ef4f724306de029d18836c26c1765a54a6a3f094cbd23a7267ffa"

[[package]]
name = "pong"
version = "0.1.0"
dependencies = [
 "sdl3",
]

[[package]]
name = "sdl3"
version = "0.14.25"
source = "registry+https://github.com/rust-lang/crates.io-index"
checksum = "32937025fa7a6af8f0336b857fd8cfc64530ea9056a0c5be93829012727b28cc"
dependencies = [
 "bitflags",
 "lazy_static",
 "libc",
 "sdl3-sys",
]

[[package]]
name = "sdl3-sys"
version = "0.4.7+SDL3-3.2.10"
source = "registry+https://github.com/rust-lang/crates.io-index"
checksum = "f0d16a8a3623a4cb39a3661c81d9d4c5fd77ada27fc056e320b3651bf7bde1b1"
